
Microsoft Visual Studio Solution File, Format Version 12.00
# Visual Studio Version 16
VisualStudioVersion = 16.0.30413.136
MinimumVisualStudioVersion = 10.0.40219.1
Project("{FAE04EC0-301F-11D3-BF4B-00C04F79EFBC}") = "Note app", "Note app.csproj", "{8F810ECE-4148-4DFA-81F0-631B9CBF701A}"
EndProject
Global
	GlobalSection(SolutionConfigurationPlatforms) = preSolution
		Debug|Any CPU = Debug|Any CPU
		Release|Any CPU = Release|Any CPU
	EndGlobalSection
	GlobalSection(ProjectConfigurationPlatforms) = postSolution
		{8F810ECE-4148-4DFA-81F0-631B9CBF701A}.Debug|Any CPU.ActiveCfg = Debug|Any CPU
		{8F810ECE-4148-4DFA-81F0-631B9CBF701A}.Debug|Any CPU.Build.0 = Debug|Any CPU
		{8F810ECE-4148-4DFA-81F0-631B9CBF701A}.Release|Any CPU.ActiveCfg = Release|Any CPU
		{8F810ECE-4148-4DFA-81F0-631B9CBF701A}.Release|Any CPU.Build.0 = Release|Any CPU
	EndGlobalSection
	GlobalSection(SolutionProperties) = preSolution
		HideSolutionNode = FALSE
	EndGlobalSection
	GlobalSection(ExtensibilityGlobals) = postSolution
		SolutionGuid = {759F1BB6-233C-49CB-806D-6AE1C5A27D71}
	EndGlobalSection
EndGlobal
